// !$*UTF8*$!
{
	archiveVersion = 1;
	classes = {
	};
	objectVersion = 46;
	objects = {

/* Begin PBXBuildFile section */
		933E5B6B1EB33105007F7CEA /* AppDelegate.swift in Sources */ = {isa = PBXBuildFile; fileRef = 933E5B6A1EB33105007F7CEA /* AppDelegate.swift */; };
		933E5B6D1EB33105007F7CEA /* ViewController.swift in Sources */ = {isa = PBXBuildFile; fileRef = 933E5B6C1EB33105007F7CEA /* ViewController.swift */; };
		933E5B701EB33105007F7CEA /* Main.storyboard in Resources */ = {isa = PBXBuildFile; fileRef = 933E5B6E1EB33105007F7CEA /* Main.storyboard */; };
		933E5B721EB33105007F7CEA /* Assets.xcassets in Resources */ = {isa = PBXBuildFile; fileRef = 933E5B711EB33105007F7CEA /* Assets.xcassets */; };
		933E5B751EB33105007F7CEA /* LaunchScreen.storyboard in Resources */ = {isa = PBXBuildFile; fileRef = 933E5B731EB33105007F7CEA /* LaunchScreen.storyboard */; };
		933E5B801EB33105007F7CEA /* iQuizTests.swift in Sources */ = {isa = PBXBuildFile; fileRef = 933E5B7F1EB33105007F7CEA /* iQuizTests.swift */; };
		933E5B8B1EB33105007F7CEA /* iQuizUITests.swift in Sources */ = {isa = PBXBuildFile; fileRef = 933E5B8A1EB33105007F7CEA /* iQuizUITests.swift */; };
		93BCEF081EBC1B7100298B33 /* QuestionViewController.swift in Sources */ = {isa = PBXBuildFile; fileRef = 93BCEF071EBC1B7100298B33 /* QuestionViewController.swift */; };
/* End PBXBuildFile section */

/* Begin PBXContainerItemProxy section */
		933E5B7C1EB33105007F7CEA /* PBXContainerItemProxy */ = {
			isa = PBXContainerItemProxy;
			containerPortal = 933E5B5F1EB33104007F7CEA /* Project object */;
			proxyType = 1;
			remoteGlobalIDString = 933E5B661EB33105007F7CEA;
			remoteInfo = iQuiz;
		};
		933E5B871EB33105007F7CEA /* PBXContainerItemProxy */ = {
			isa = PBXContainerItemProxy;
			containerPortal = 933E5B5F1EB33104007F7CEA /* Project object */;
			proxyType = 1;
			remoteGlobalIDString = 933E5B661EB33105007F7CEA;
			remoteInfo = iQuiz;
		};
/* End PBXContainerItemProxy section */

/* Begin PBXFileReference section */
		933E5B671EB33105007F7CEA /* iQuiz.app */ = {isa = PBXFileReference; explicitFileType = wrapper.application; includeInIndex = 0; path = iQuiz.app; sourceTree = BUILT_PRODUCTS_DIR; };
		933E5B6A1EB33105007F7CEA /* AppDelegate.swift */ = {isa = PBXFileReference; lastKnownFileType = sourcecode.swift; path = AppDelegate.swift; sourceTree = "<group>"; };
		933E5B6C1EB33105007F7CEA /* ViewController.swift */ = {isa = PBXFileReference; lastKnownFileType = sourcecode.swift; path = ViewController.swift; sourceTree = "<group>"; };
		933E5B6F1EB33105007F7CEA /* Base */ = {isa = PBXFileReference; lastKnownFileType = file.storyboard; name = Base; path = Base.lproj/Main.storyboard; sourceTree = "<group>"; };
		933E5B711EB33105007F7CEA /* Assets.xcassets */ = {isa = PBXFileReference; lastKnownFileType = folder.assetcatalog; path = Assets.xcassets; sourceTree = "<group>"; };
		933E5B741EB33105007F7CEA /* Base */ = {isa = PBXFileReference; lastKnownFileType = file.storyboard; name = Base; path = Base.lproj/LaunchScreen.storyboard; sourceTree = "<group>"; };
		933E5B761EB33105007F7CEA /* Info.plist */ = {isa = PBXFileReference; lastKnownFileType = text.plist.xml; path = Info.plist; sourceTree = "<group>"; };
		933E5B7B1EB33105007F7CEA /* iQuizTests.xctest */ = {isa = PBXFileReference; explicitFileType = wrapper.cfbundle; includeInIndex = 0; path = iQuizTests.xctest; sourceTree = BUILT_PRODUCTS_DIR; };
		933E5B7F1EB33105007F7CEA /* iQuizTests.swift */ = {isa = PBXFileReference; lastKnownFileType = sourcecode.swift; path = iQuizTests.swift; sourceTree = "<group>"; };
		933E5B811EB33105007F7CEA /* Info.plist */ = {isa = PBXFileReference; lastKnownFileType = text.plist.xml; path = Info.plist; sourceTree = "<group>"; };
		933E5B861EB33105007F7CEA /* iQuizUITests.xctest */ = {isa = PBXFileReference; explicitFileType = wrapper.cfbundle; includeInIndex = 0; path = iQuizUITests.xctest; sourceTree = BUILT_PRODUCTS_DIR; };
		933E5B8A1EB33105007F7CEA /* iQuizUITests.swift */ = {isa = PBXFileReference; lastKnownFileType = sourcecode.swift; path = iQuizUITests.swift; sourceTree = "<group>"; };
		933E5B8C1EB33105007F7CEA /* Info.plist */ = {isa = PBXFileReference; lastKnownFileType = text.plist.xml; path = Info.plist; sourceTree = "<group>"; };
		93BCEF071EBC1B7100298B33 /* QuestionViewController.swift */ = {isa = PBXFileReference; fileEncoding = 4; lastKnownFileType = sourcecode.swift; path = QuestionViewController.swift; sourceTree = "<group>"; };
/* End PBXFileReference section */

/* Begin PBXFrameworksBuildPhase section */
		933E5B641EB33105007F7CEA /* Frameworks */ = {
			isa = PBXFrameworksBuildPhase;
			buildActionMask = 2147483647;
			files = (
			);
			runOnlyForDeploymentPostprocessing = 0;
		};
		933E5B781EB33105007F7CEA /* Frameworks */ = {
			isa = PBXFrameworksBuildPhase;
			buildActionMask = 2147483647;
			files = (
			);
			runOnlyForDeploymentPostprocessing = 0;
		};
		933E5B831EB33105007F7CEA /* Frameworks */ = {
			isa = PBXFrameworksBuildPhase;
			buildActionMask = 2147483647;
			files = (
			);
			runOnlyForDeploymentPostprocessing = 0;
		};
/* End PBXFrameworksBuildPhase section */

/* Begin PBXGroup section */
		933E5B5E1EB33104007F7CEA = {
			isa = PBXGroup;
			children = (
				933E5B691EB33105007F7CEA /* iQuiz */,
				933E5B7E1EB33105007F7CEA /* iQuizTests */,
				933E5B891EB33105007F7CEA /* iQuizUITests */,
				933E5B681EB33105007F7CEA /* Products */,
			);
			sourceTree = "<group>";
		};
		933E5B681EB33105007F7CEA /* Products */ = {
			isa = PBXGroup;
			children = (
				933E5B671EB33105007F7CEA /* iQuiz.app */,
				933E5B7B1EB33105007F7CEA /* iQuizTests.xctest */,
				933E5B861EB33105007F7CEA /* iQuizUITests.xctest */,
			);
			name = Products;
			sourceTree = "<group>";
		};
		933E5B691EB33105007F7CEA /* iQuiz */ = {
			isa = PBXGroup;
			children = (
				933E5B6A1EB33105007F7CEA /* AppDelegate.swift */,
				933E5B6C1EB33105007F7CEA /* ViewController.swift */,
				93BCEF071EBC1B7100298B33 /* QuestionViewController.swift */,
				933E5B6E1EB33105007F7CEA /* Main.storyboard */,
				933E5B711EB33105007F7CEA /* Assets.xcassets */,
				933E5B731EB33105007F7CEA /* LaunchScreen.storyboard */,
				933E5B761EB33105007F7CEA /* Info.plist */,
			);
			path = iQuiz;
			sourceTree = "<group>";
		};
		933E5B7E1EB33105007F7CEA /* iQuizTests */ = {
			isa = PBXGroup;
			children = (
				933E5B7F1EB33105007F7CEA /* iQuizTests.swift */,
				933E5B811EB33105007F7CEA /* Info.plist */,
			);
			path = iQuizTests;
			sourceTree = "<group>";
		};
		933E5B891EB33105007F7CEA /* iQuizUITests */ = {
			isa = PBXGroup;
			children = (
				933E5B8A1EB33105007F7CEA /* iQuizUITests.swift */,
				933E5B8C1EB33105007F7CEA /* Info.plist */,
			);
			path = iQuizUITests;
			sourceTree = "<group>";
		};
/* End PBXGroup section */

/* Begin PBXNativeTarget section */
		933E5B661EB33105007F7CEA /* iQuiz */ = {
			isa = PBXNativeTarget;
			buildConfigurationList = 933E5B8F1EB33105007F7CEA /* Build configuration list for PBXNativeTarget "iQuiz" */;
			buildPhases = (
				933E5B631EB33105007F7CEA /* Sources */,
				933E5B641EB33105007F7CEA /* Frameworks */,
				933E5B651EB33105007F7CEA /* Resources */,
			);
			buildRules = (
			);
			dependencies = (
			);
			name = iQuiz;
			productName = iQuiz;
			productReference = 933E5B671EB33105007F7CEA /* iQuiz.app */;
			productType = "com.apple.product-type.application";
		};
		933E5B7A1EB33105007F7CEA /* iQuizTests */ = {
			isa = PBXNativeTarget;
			buildConfigurationList = 933E5B921EB33105007F7CEA /* Build configuration list for PBXNativeTarget "iQuizTests" */;
			buildPhases = (
				933E5B771EB33105007F7CEA /* Sources */,
				933E5B781EB33105007F7CEA /* Frameworks */,
				933E5B791EB33105007F7CEA /* Resources */,
			);
			buildRules = (
			);
			dependencies = (
				933E5B7D1EB33105007F7CEA /* PBXTargetDependency */,
			);
			name = iQuizTests;
			productName = iQuizTests;
			productReference = 933E5B7B1EB33105007F7CEA /* iQuizTests.xctest */;
			productType = "com.apple.product-type.bundle.unit-test";
		};
		933E5B851EB33105007F7CEA /* iQuizUITests */ = {
			isa = PBXNativeTarget;
			buildConfigurationList = 933E5B951EB33105007F7CEA /* Build configuration list for PBXNativeTarget "iQuizUITests" */;
			buildPhases = (
				933E5B821EB33105007F7CEA /* Sources */,
				933E5B831EB33105007F7CEA /* Frameworks */,
				933E5B841EB33105007F7CEA /* Resources */,
			);
			buildRules = (
			);
			dependencies = (
				933E5B881EB33105007F7CEA /* PBXTargetDependency */,
			);
			name = iQuizUITests;
			productName = iQuizUITests;
			productReference = 933E5B861EB33105007F7CEA /* iQuizUITests.xctest */;
			productType = "com.apple.product-type.bundle.ui-testing";
		};
/* End PBXNativeTarget section */

/* Begin PBXProject section */
		933E5B5F1EB33104007F7CEA /* Project object */ = {
			isa = PBXProject;
			attributes = {
				LastSwiftUpdateCheck = 0830;
				LastUpgradeCheck = 0830;
				ORGANIZATIONNAME = "Muhaamed Drammeh";
				TargetAttributes = {
					933E5B661EB33105007F7CEA = {
						CreatedOnToolsVersion = 8.3;
						DevelopmentTeam = 74EN4ZDAGB;
						ProvisioningStyle = Automatic;
					};
					933E5B7A1EB33105007F7CEA = {
						CreatedOnToolsVersion = 8.3;
						DevelopmentTeam = 74EN4ZDAGB;
						ProvisioningStyle = Automatic;
						TestTargetID = 933E5B661EB33105007F7CEA;
					};
					933E5B851EB33105007F7CEA = {
						CreatedOnToolsVersion = 8.3;
						DevelopmentTeam = 74EN4ZDAGB;
						ProvisioningStyle = Automatic;
						TestTargetID = 933E5B661EB33105007F7CEA;
					};
				};
			};
			buildConfigurationList = 933E5B621EB33104007F7CEA /* Build configuration list for PBXProject "iQuiz" */;
			compatibilityVersion = "Xcode 3.2";
			developmentRegion = English;
			hasScannedForEncodings = 0;
			knownRegions = (
				en,
				Base,
			);
			mainGroup = 933E5B5E1EB33104007F7CEA;
			productRefGroup = 933E5B681EB33105007F7CEA /* Products */;
			projectDirPath = "";
			projectRoot = "";
			targets = (
				933E5B661EB33105007F7CEA /* iQuiz */,
				933E5B7A1EB33105007F7CEA /* iQuizTests */,
				933E5B851EB33105007F7CEA /* iQuizUITests */,
			);
		};
/* End PBXProject section */

/* Begin PBXResourcesBuildPhase section */
		933E5B651EB33105007F7CEA /* Resources */ = {
			isa = PBXResourcesBuildPhase;
			buildActionMask = 2147483647;
			files = (
				933E5B751EB33105007F7CEA /* LaunchScreen.storyboard in Resources */,
				933E5B721EB33105007F7CEA /* Assets.xcassets in Resources */,
				933E5B701EB33105007F7CEA /* Main.storyboard in Resources */,
			);
			runOnlyForDeploymentPostprocessing = 0;
		};
		933E5B791EB33105007F7CEA /* Resources */ = {
			isa = PBXResourcesBuildPhase;
			buildActionMask = 2147483647;
			files = (
			);
			runOnlyForDeploymentPostprocessing = 0;
		};
		933E5B841EB33105007F7CEA /* Resources */ = {
			isa = PBXResourcesBuildPhase;
			buildActionMask = 2147483647;
			files = (
			);
			runOnlyForDeploymentPostprocessing = 0;
		};
/* End PBXResourcesBuildPhase section */

/* Begin PBXSourcesBuildPhase section */
		933E5B631EB33105007F7CEA /* Sources */ = {
			isa = PBXSourcesBuildPhase;
			buildActionMask = 2147483647;
			files = (
				933E5B6D1EB33105007F7CEA /* ViewController.swift in Sources */,
				933E5B6B1EB33105007F7CEA /* AppDelegate.swift in Sources */,
				93BCEF081EBC1B7100298B33 /* QuestionViewController.swift in Sources */,
			);
			runOnlyForDeploymentPostprocessing = 0;
		};
		933E5B771EB33105007F7CEA /* Sources */ = {
			isa = PBXSourcesBuildPhase;
			buildActionMask = 2147483647;
			files = (
				933E5B801EB33105007F7CEA /* iQuizTests.swift in Sources */,
			);
			runOnlyForDeploymentPostprocessing = 0;
		};
		933E5B821EB33105007F7CEA /* Sources */ = {
			isa = PBXSourcesBuildPhase;
			buildActionMask = 2147483647;
			files = (
				933E5B8B1EB33105007F7CEA /* iQuizUITests.swift in Sources */,
			);
			runOnlyForDeploymentPostprocessing = 0;
		};
/* End PBXSourcesBuildPhase section */

/* Begin PBXTargetDependency section */
		933E5B7D1EB33105007F7CEA /* PBXTargetDependency */ = {
			isa = PBXTargetDependency;
			target = 933E5B661EB33105007F7CEA /* iQuiz */;
			targetProxy = 933E5B7C1EB33105007F7CEA /* PBXContainerItemProxy */;
		};
		933E5B881EB33105007F7CEA /* PBXTargetDependency */ = {
			isa = PBXTargetDependency;
			target = 933E5B661EB33105007F7CEA /* iQuiz */;
			targetProxy = 933E5B871EB33105007F7CEA /* PBXContainerItemProxy */;
		};
/* End PBXTargetDependency section */

/* Begin PBXVariantGroup section */
		933E5B6E1EB33105007F7CEA /* Main.storyboard */ = {
			isa = PBXVariantGroup;
			children = (
				933E5B6F1EB33105007F7CEA /* Base */,
			);
			name = Main.storyboard;
			sourceTree = "<group>";
		};
		933E5B731EB33105007F7CEA /* LaunchScreen.storyboard */ = {
			isa = PBXVariantGroup;
			children = (
				933E5B741EB33105007F7CEA /* Base */,
			);
			name = LaunchScreen.storyboard;
			sourceTree = "<group>";
		};
/* End PBXVariantGroup section */

/* Begin XCBuildConfiguration section */
		933E5B8D1EB33105007F7CEA /* Debug */ = {
			isa = XCBuildConfiguration;
			buildSettings = {
				ALWAYS_SEARCH_USER_PATHS = NO;
				CLANG_ANALYZER_NONNULL = YES;
				CLANG_ANALYZER_NUMBER_OBJECT_CONVERSION = YES_AGGRESSIVE;
				CLANG_CXX_LANGUAGE_STANDARD = "gnu++0x";
				CLANG_CXX_LIBRARY = "libc++";
				CLANG_ENABLE_MODULES = YES;
				CLANG_ENABLE_OBJC_ARC = YES;
				CLANG_WARN_BOOL_CONVERSION = YES;
				CLANG_WARN_CONSTANT_CONVERSION = YES;
				CLANG_WARN_DIRECT_OBJC_ISA_USAGE = YES_ERROR;
				CLANG_WARN_DOCUMENTATION_COMMENTS = YES;
				CLANG_WARN_EMPTY_BODY = YES;
				CLANG_WARN_ENUM_CONVERSION = YES;
				CLANG_WARN_INFINITE_RECURSION = YES;
				CLANG_WARN_INT_CONVERSION = YES;
				CLANG_WARN_OBJC_ROOT_CLASS = YES_ERROR;
				CLANG_WARN_SUSPICIOUS_MOVE = YES;
				CLANG_WARN_UNREACHABLE_CODE = YES;
				CLANG_WARN__DUPLICATE_METHOD_MATCH = YES;
				"CODE_SIGN_IDENTITY[sdk=iphoneos*]" = "iPhone Developer";
				COPY_PHASE_STRIP = NO;
				DEBUG_INFORMATION_FORMAT = dwarf;
				ENABLE_STRICT_OBJC_MSGSEND = YES;
				ENABLE_TESTABILITY = YES;
				GCC_C_LANGUAGE_STANDARD = gnu99;
				GCC_DYNAMIC_NO_PIC = NO;
				GCC_NO_COMMON_BLOCKS = YES;
				GCC_OPTIMIZATION_LEVEL = 0;
				GCC_PREPROCESSOR_DEFINITIONS = (
					"DEBUG=1",
					"$(inherited)",
				);
				GCC_WARN_64_TO_32_BIT_CONVERSION = YES;
				GCC_WARN_ABOUT_RETURN_TYPE = YES_ERROR;
				GCC_WARN_UNDECLARED_SELECTOR = YES;
				GCC_WARN_UNINITIALIZED_AUTOS = YES_AGGRESSIVE;
				GCC_WARN_UNUSED_FUNCTION = YES;
				GCC_WARN_UNUSED_VARIABLE = YES;
				IPHONEOS_DEPLOYMENT_TARGET = 8.4;
				MTL_ENABLE_DEBUG_INFO = YES;
				ONLY_ACTIVE_ARCH = YES;
				SDKROOT = iphoneos;
				SWIFT_ACTIVE_COMPILATION_CONDITIONS = DEBUG;
				SWIFT_OPTIMIZATION_LEVEL = "-Onone";
			};
			name = Debug;
		};
		933E5B8E1EB33105007F7CEA /* Release */ = {
			isa = XCBuildConfiguration;
			buildSettings = {
				ALWAYS_SEARCH_USER_PATHS = NO;
				CLANG_ANALYZER_NONNULL = YES;
				CLANG_ANALYZER_NUMBER_OBJECT_CONVERSION = YES_AGGRESSIVE;
				CLANG_CXX_LANGUAGE_STANDARD = "gnu++0x";
				CLANG_CXX_LIBRARY = "libc++";
				CLANG_ENABLE_MODULES = YES;
				CLANG_ENABLE_OBJC_ARC = YES;
				CLANG_WARN_BOOL_CONVERSION = YES;
				CLANG_WARN_CONSTANT_CONVERSION = YES;
				CLANG_WARN_DIRECT_OBJC_ISA_USAGE = YES_ERROR;
				CLANG_WARN_DOCUMENTATION_COMMENTS = YES;
				CLANG_WARN_EMPTY_BODY = YES;
				CLANG_WARN_ENUM_CONVERSION = YES;
				CLANG_WARN_INFINITE_RECURSION = YES;
				CLANG_WARN_INT_CONVERSION = YES;
				CLANG_WARN_OBJC_ROOT_CLASS = YES_ERROR;
				CLANG_WARN_SUSPICIOUS_MOVE = YES;
				CLANG_WARN_UNREACHABLE_CODE = YES;
				CLANG_WARN__DUPLICATE_METHOD_MATCH = YES;
				"CODE_SIGN_IDENTITY[sdk=iphoneos*]" = "iPhone Developer";
				COPY_PHASE_STRIP = NO;
				DEBUG_INFORMATION_FORMAT = "dwarf-with-dsym";
				ENABLE_NS_ASSERTIONS = NO;
				ENABLE_STRICT_OBJC_MSGSEND = YES;
				GCC_C_LANGUAGE_STANDARD = gnu99;
				GCC_NO_COMMON_BLOCKS = YES;
				GCC_WARN_64_TO_32_BIT_CONVERSION = YES;
				GCC_WARN_ABOUT_RETURN_TYPE = YES_ERROR;
				GCC_WARN_UNDECLARED_SELECTOR = YES;
				GCC_WARN_UNINITIALIZED_AUTOS = YES_AGGRESSIVE;
				GCC_WARN_UNUSED_FUNCTION = YES;
				GCC_WARN_UNUSED_VARIABLE = YES;
				IPHONEOS_DEPLOYMENT_TARGET = 8.4;
				MTL_ENABLE_DEBUG_INFO = NO;
				SDKROOT = iphoneos;
				SWIFT_OPTIMIZATION_LEVEL = "-Owholemodule";
				VALIDATE_PRODUCT = YES;
			};
			name = Release;
		};
		933E5B901EB33105007F7CEA /* Debug */ = {
			isa = XCBuildConfiguration;
			buildSettings = {
				ASSETCATALOG_COMPILER_APPICON_NAME = AppIcon;
				DEVELOPMENT_TEAM = 74EN4ZDAGB;
				INFOPLIST_FILE = iQuiz/Info.plist;
				IPHONEOS_DEPLOYMENT_TARGET = 8.4;
				LD_RUNPATH_SEARCH_PATHS = "$(inherited) @executable_path/Frameworks";
				PRODUCT_BUNDLE_IDENTIFIER = Drammeh.iQuiz;
				PRODUCT_NAME = "$(TARGET_NAME)";
				SWIFT_VERSION = 3.0;
			};
			name = Debug;
		};
		933E5B911EB33105007F7CEA /* Release */ = {
			isa = XCBuildConfiguration;
			buildSettings = {
				ASSETCATALOG_COMPILER_APPICON_NAME = AppIcon;
				DEVELOPMENT_TEAM = 74EN4ZDAGB;
				INFOPLIST_FILE = iQuiz/Info.plist;
				IPHONEOS_DEPLOYMENT_TARGET = 8.4;
				LD_RUNPATH_SEARCH_PATHS = "$(inherited) @executable_path/Frameworks";
				PRODUCT_BUNDLE_IDENTIFIER = Drammeh.iQuiz;
				PRODUCT_NAME = "$(TARGET_NAME)";
				SWIFT_VERSION = 3.0;
			};
			name = Release;
		};
		933E5B931EB33105007F7CEA /* Debug */ = {
			isa = XCBuildConfiguration;
			buildSettings = {
				ALWAYS_EMBED_SWIFT_STANDARD_LIBRARIES = YES;
				BUNDLE_LOADER = "$(TEST_HOST)";
				DEVELOPMENT_TEAM = 74EN4ZDAGB;
				INFOPLIST_FILE = iQuizTests/Info.plist;
				LD_RUNPATH_SEARCH_PATHS = "$(inherited) @executable_path/Frameworks @loader_path/Frameworks";
				PRODUCT_BUNDLE_IDENTIFIER = Drammeh.iQuizTests;
				PRODUCT_NAME = "$(TARGET_NAME)";
				SWIFT_VERSION = 3.0;
				TEST_HOST = "$(BUILT_PRODUCTS_DIR)/iQuiz.app/iQuiz";
			};
			name = Debug;
		};
		933E5B941EB33105007F7CEA /* Release */ = {
			isa = XCBuildConfiguration;
			buildSettings = {
				ALWAYS_EMBED_SWIFT_STANDARD_LIBRARIES = YES;
				BUNDLE_LOADER = "$(TEST_HOST)";
				DEVELOPMENT_TEAM = 74EN4ZDAGB;
				INFOPLIST_FILE = iQuizTests/Info.plist;
				LD_RUNPATH_SEARCH_PATHS = "$(inherited) @executable_path/Frameworks @loader_path/Frameworks";
				PRODUCT_BUNDLE_IDENTIFIER = Drammeh.iQuizTests;
				PRODUCT_NAME = "$(TARGET_NAME)";
				SWIFT_VERSION = 3.0;
				TEST_HOST = "$(BUILT_PRODUCTS_DIR)/iQuiz.app/iQuiz";
			};
			name = Release;
		};
		933E5B961EB33105007F7CEA /* Debug */ = {
			isa = XCBuildConfiguration;
			buildSettings = {
				ALWAYS_EMBED_SWIFT_STANDARD_LIBRARIES = YES;
				DEVELOPMENT_TEAM = 74EN4ZDAGB;
				INFOPLIST_FILE = iQuizUITests/Info.plist;
				LD_RUNPATH_SEARCH_PATHS = "$(inherited) @executable_path/Frameworks @loader_path/Frameworks";
				PRODUCT_BUNDLE_IDENTIFIER = Drammeh.iQuizUITests;
				PRODUCT_NAME = "$(TARGET_NAME)";
				SWIFT_VERSION = 3.0;
				TEST_TARGET_NAME = iQuiz;
			};
			name = Debug;
		};
		933E5B971EB33105007F7CEA /* Release */ = {
			isa = XCBuildConfiguration;
			buildSettings = {
				ALWAYS_EMBED_SWIFT_STANDARD_LIBRARIES = YES;
				DEVELOPMENT_TEAM = 74EN4ZDAGB;
				INFOPLIST_FILE = iQuizUITests/Info.plist;
				LD_RUNPATH_SEARCH_PATHS = "$(inherited) @executable_path/Frameworks @loader_path/Frameworks";
				PRODUCT_BUNDLE_IDENTIFIER = Drammeh.iQuizUITests;
				PRODUCT_NAME = "$(TARGET_NAME)";
				SWIFT_VERSION = 3.0;
				TEST_TARGET_NAME = iQuiz;
			};
			name = Release;
		};
/* End XCBuildConfiguration section */

/* Begin XCConfigurationList section */
		933E5B621EB33104007F7CEA /* Build configuration list for PBXProject "iQuiz" */ = {
			isa = XCConfigurationList;
			buildConfigurations = (
				933E5B8D1EB33105007F7CEA /* Debug */,
				933E5B8E1EB33105007F7CEA /* Release */,
			);
			defaultConfigurationIsVisible = 0;
			defaultConfigurationName = Release;
		};
		933E5B8F1EB33105007F7CEA /* Build configuration list for PBXNativeTarget "iQuiz" */ = {
			isa = XCConfigurationList;
			buildConfigurations = (
				933E5B901EB33105007F7CEA /* Debug */,
				933E5B911EB33105007F7CEA /* Release */,
			);
			defaultConfigurationIsVisible = 0;
			defaultConfigurationName = Release;
		};
		933E5B921EB33105007F7CEA /* Build configuration list for PBXNativeTarget "iQuizTests" */ = {
			isa = XCConfigurationList;
			buildConfigurations = (
				933E5B931EB33105007F7CEA /* Debug */,
				933E5B941EB33105007F7CEA /* Release */,
			);
			defaultConfigurationIsVisible = 0;
			defaultConfigurationName = Release;
		};
		933E5B951EB33105007F7CEA /* Build configuration list for PBXNativeTarget "iQuizUITests" */ = {
			isa = XCConfigurationList;
			buildConfigurations = (
				933E5B961EB33105007F7CEA /* Debug */,
				933E5B971EB33105007F7CEA /* Release */,
			);
			defaultConfigurationIsVisible = 0;
			defaultConfigurationName = Release;
		};
/* End XCConfigurationList section */
	};
	rootObject = 933E5B5F1EB33104007F7CEA /* Project object */;
}
